PODS:
  - Alamofire (4.9.1)
  - EVReflection/Alamofire (5.10.1):
    - Alamofire
    - EVReflection/Core
  - EVReflection/Core (5.10.1)
  - FSCalendar (2.8.0)
  - Kingfisher (4.10.1)
  - YouTubePlayer (0.4.0)

DEPENDENCIES:
  - Alamofire (~> 4.5)
  - EVReflection/Alamofire
  - FSCalendar
  - Kingfisher (~> 4.0)
  - YouTubePlayer

SPEC REPOS:
  https://github.com/cocoapods/specs.git:
    - Alamofire
    - EVReflection
    - FSCalendar
    - Kingfisher
    - YouTubePlayer

SPEC CHECKSUMS:
  Alamofire: 85e8a02c69d6020a0d734f6054870d7ecb75cf18
  EVReflection: 8124de482178d34ccd56473e16cd95990f9a1113
  FSCalendar: 3a5ed3636e2ba1b83ebebfcf0c2603105a6f5efe
  Kingfisher: c148cd7b47ebde9989f6bc7c27dcaa79d81279a0
  YouTubePlayer: 028451f6772f372d4759866db99824c676ac1473

PODFILE CHECKSUM: 222752093a22f21288f79a3aff8164cec7eadfe6

COCOAPODS: 1.5.2
