// !$*UTF8*$!
{
	archiveVersion = 1;
	classes = {
	};
	objectVersion = 50;
	objects = {

/* Begin PBXBuildFile section */
		643FDD73238C8658002A8BEB /* PostsTableViewCell.swift in Sources */ = {isa = PBXBuildFile; fileRef = 643FDD72238C8658002A8BEB /* PostsTableViewCell.swift */; };
		643FDD76238C8884002A8BEB /* Data.swift in Sources */ = {isa = PBXBuildFile; fileRef = 643FDD75238C8884002A8BEB /* Data.swift */; };
		64F25CDE238C8217005AECD7 /* AppDelegate.swift in Sources */ = {isa = PBXBuildFile; fileRef = 64F25CDD238C8217005AECD7 /* AppDelegate.swift */; };
		64F25CE0238C8217005AECD7 /* ViewController.swift in Sources */ = {isa = PBXBuildFile; fileRef = 64F25CDF238C8217005AECD7 /* ViewController.swift */; };
		64F25CE3238C8217005AECD7 /* Main.storyboard in Resources */ = {isa = PBXBuildFile; fileRef = 64F25CE1238C8217005AECD7 /* Main.storyboard */; };
		64F25CE5238C821B005AECD7 /* Assets.xcassets in Resources */ = {isa = PBXBuildFile; fileRef = 64F25CE4238C821B005AECD7 /* Assets.xcassets */; };
		64F25CE8238C821B005AECD7 /* LaunchScreen.storyboard in Resources */ = {isa = PBXBuildFile; fileRef = 64F25CE6238C821B005AECD7 /* LaunchScreen.storyboard */; };
		64F25CF3238C821B005AECD7 /* testiOSTests.swift in Sources */ = {isa = PBXBuildFile; fileRef = 64F25CF2238C821B005AECD7 /* testiOSTests.swift */; };
		64F25CFE238C821B005AECD7 /* testiOSUITests.swift in Sources */ = {isa = PBXBuildFile; fileRef = 64F25CFD238C821B005AECD7 /* testiOSUITests.swift */; };
		64F25D0C238C8252005AECD7 /* Podfile in Resources */ = {isa = PBXBuildFile; fileRef = 64F25D0B238C8252005AECD7 /* Podfile */; };
		958420B24BBE7E684B6FE3D1 /* Pods_testiOS.framework in Frameworks */ = {isa = PBXBuildFile; fileRef = E44BC845F7AEF6906C210071 /* Pods_testiOS.framework */; };
/* End PBXBuildFile section */

/* Begin PBXContainerItemProxy section */
		64F25CEF238C821B005AECD7 /* PBXContainerItemProxy */ = {
			isa = PBXContainerItemProxy;
			containerPortal = 64F25CD2238C8217005AECD7 /* Project object */;
			proxyType = 1;
			remoteGlobalIDString = 64F25CD9238C8217005AECD7;
			remoteInfo = testiOS;
		};
		64F25CFA238C821B005AECD7 /* PBXContainerItemProxy */ = {
			isa = PBXContainerItemProxy;
			containerPortal = 64F25CD2238C8217005AECD7 /* Project object */;
			proxyType = 1;
			remoteGlobalIDString = 64F25CD9238C8217005AECD7;
			remoteInfo = testiOS;
		};
/* End PBXContainerItemProxy section */

/* Begin PBXFileReference section */
		643FDD72238C8658002A8BEB /* PostsTableViewCell.swift */ = {isa = PBXFileReference; lastKnownFileType = sourcecode.swift; path = PostsTableViewCell.swift; sourceTree = "<group>"; };
		643FDD75238C8884002A8BEB /* Data.swift */ = {isa = PBXFileReference; fileEncoding = 4; lastKnownFileType = sourcecode.swift; name = Data.swift; path = ../../../rappi_JPPE/rappi_JPPE/Models/Data.swift; sourceTree = "<group>"; };
		64F25CDA238C8217005AECD7 /* testiOS.app */ = {isa = PBXFileReference; explicitFileType = wrapper.application; includeInIndex = 0; path = testiOS.app; sourceTree = BUILT_PRODUCTS_DIR; };
		64F25CDD238C8217005AECD7 /* AppDelegate.swift */ = {isa = PBXFileReference; lastKnownFileType = sourcecode.swift; path = AppDelegate.swift; sourceTree = "<group>"; };
		64F25CDF238C8217005AECD7 /* ViewController.swift */ = {isa = PBXFileReference; lastKnownFileType = sourcecode.swift; path = ViewController.swift; sourceTree = "<group>"; };
		64F25CE2238C8217005AECD7 /* Base */ = {isa = PBXFileReference; lastKnownFileType = file.storyboard; name = Base; path = Base.lproj/Main.storyboard; sourceTree = "<group>"; };
		64F25CE4238C821B005AECD7 /* Assets.xcassets */ = {isa = PBXFileReference; lastKnownFileType = folder.assetcatalog; path = Assets.xcassets; sourceTree = "<group>"; };
		64F25CE7238C821B005AECD7 /* Base */ = {isa = PBXFileReference; lastKnownFileType = file.storyboard; name = Base; path = Base.lproj/LaunchScreen.storyboard; sourceTree = "<group>"; };
		64F25CE9238C821B005AECD7 /* Info.plist */ = {isa = PBXFileReference; lastKnownFileType = text.plist.xml; path = Info.plist; sourceTree = "<group>"; };
		64F25CEE238C821B005AECD7 /* testiOSTests.xctest */ = {isa = PBXFileReference; explicitFileType = wrapper.cfbundle; includeInIndex = 0; path = testiOSTests.xctest; sourceTree = BUILT_PRODUCTS_DIR; };
		64F25CF2238C821B005AECD7 /* testiOSTests.swift */ = {isa = PBXFileReference; lastKnownFileType = sourcecode.swift; path = testiOSTests.swift; sourceTree = "<group>"; };
		64F25CF4238C821B005AECD7 /* Info.plist */ = {isa = PBXFileReference; lastKnownFileType = text.plist.xml; path = Info.plist; sourceTree = "<group>"; };
		64F25CF9238C821B005AECD7 /* testiOSUITests.xctest */ = {isa = PBXFileReference; explicitFileType = wrapper.cfbundle; includeInIndex = 0; path = testiOSUITests.xctest; sourceTree = BUILT_PRODUCTS_DIR; };
		64F25CFD238C821B005AECD7 /* testiOSUITests.swift */ = {isa = PBXFileReference; lastKnownFileType = sourcecode.swift; path = testiOSUITests.swift; sourceTree = "<group>"; };
		64F25CFF238C821B005AECD7 /* Info.plist */ = {isa = PBXFileReference; lastKnownFileType = text.plist.xml; path = Info.plist; sourceTree = "<group>"; };
		64F25D0B238C8252005AECD7 /* Podfile */ = {isa = PBXFileReference; fileEncoding = 4; lastKnownFileType = text; name = Podfile; path = ../digipro_JosePablo/Podfile; sourceTree = "<group>"; };
		6A531C9C9EAD7D5C0D9D0428 /* Pods_testiOSTests.framework */ = {isa = PBXFileReference; explicitFileType = wrapper.framework; includeInIndex = 0; path = Pods_testiOSTests.framework; sourceTree = BUILT_PRODUCTS_DIR; };
		6F023D614FC5535C0BC9D458 /* Pods_testiOSUITests.framework */ = {isa = PBXFileReference; explicitFileType = wrapper.framework; includeInIndex = 0; path = Pods_testiOSUITests.framework; sourceTree = BUILT_PRODUCTS_DIR; };
		A640C582A6A7C99B8E16167C /* Pods-testiOS.debug.xcconfig */ = {isa = PBXFileReference; includeInIndex = 1; lastKnownFileType = text.xcconfig; name = "Pods-testiOS.debug.xcconfig"; path = "Pods/Target Support Files/Pods-testiOS/Pods-testiOS.debug.xcconfig"; sourceTree = "<group>"; };
		E44BC845F7AEF6906C210071 /* Pods_testiOS.framework */ = {isa = PBXFileReference; explicitFileType = wrapper.framework; includeInIndex = 0; path = Pods_testiOS.framework; sourceTree = BUILT_PRODUCTS_DIR; };
		FD17B7FF6A2EC24D6430EECC /* Pods-testiOS.release.xcconfig */ = {isa = PBXFileReference; includeInIndex = 1; lastKnownFileType = text.xcconfig; name = "Pods-testiOS.release.xcconfig"; path = "Pods/Target Support Files/Pods-testiOS/Pods-testiOS.release.xcconfig"; sourceTree = "<group>"; };
/* End PBXFileReference section */

/* Begin PBXFrameworksBuildPhase section */
		64F25CD7238C8217005AECD7 /* Frameworks */ = {
			isa = PBXFrameworksBuildPhase;
			buildActionMask = 2147483647;
			files = (
				958420B24BBE7E684B6FE3D1 /* Pods_testiOS.framework in Frameworks */,
			);
			runOnlyForDeploymentPostprocessing = 0;
		};
		64F25CEB238C821B005AECD7 /* Frameworks */ = {
			isa = PBXFrameworksBuildPhase;
			buildActionMask = 2147483647;
			files = (
			);
			runOnlyForDeploymentPostprocessing = 0;
		};
		64F25CF6238C821B005AECD7 /* Frameworks */ = {
			isa = PBXFrameworksBuildPhase;
			buildActionMask = 2147483647;
			files = (
			);
			runOnlyForDeploymentPostprocessing = 0;
		};
/* End PBXFrameworksBuildPhase section */

/* Begin PBXGroup section */
		643FDD70238C8600002A8BEB /* TableView */ = {
			isa = PBXGroup;
			children = (
				643FDD72238C8658002A8BEB /* PostsTableViewCell.swift */,
			);
			name = TableView;
			path = "New Group";
			sourceTree = "<group>";
		};
		643FDD71238C860A002A8BEB /* Controllers */ = {
			isa = PBXGroup;
			children = (
				64F25CDF238C8217005AECD7 /* ViewController.swift */,
			);
			path = Controllers;
			sourceTree = "<group>";
		};
		643FDD74238C885A002A8BEB /* New Group1 */ = {
			isa = PBXGroup;
			children = (
				643FDD75238C8884002A8BEB /* Data.swift */,
			);
			name = "New Group1";
			path = "testiOS/New Group1";
			sourceTree = SOURCE_ROOT;
		};
		64F25CD1238C8217005AECD7 = {
			isa = PBXGroup;
			children = (
				64F25D0B238C8252005AECD7 /* Podfile */,
				64F25CDC238C8217005AECD7 /* testiOS */,
				64F25CF1238C821B005AECD7 /* testiOSTests */,
				64F25CFC238C821B005AECD7 /* testiOSUITests */,
				64F25CDB238C8217005AECD7 /* Products */,
				68065C9FB025C2C17AB95ACB /* Pods */,
				6508F6C985D78DDC287FD25D /* Frameworks */,
			);
			sourceTree = "<group>";
		};
		64F25CDB238C8217005AECD7 /* Products */ = {
			isa = PBXGroup;
			children = (
				64F25CDA238C8217005AECD7 /* testiOS.app */,
				64F25CEE238C821B005AECD7 /* testiOSTests.xctest */,
				64F25CF9238C821B005AECD7 /* testiOSUITests.xctest */,
			);
			name = Products;
			sourceTree = "<group>";
		};
		64F25CDC238C8217005AECD7 /* testiOS */ = {
			isa = PBXGroup;
			children = (
				643FDD71238C860A002A8BEB /* Controllers */,
				643FDD70238C8600002A8BEB /* TableView */,
				643FDD74238C885A002A8BEB /* New Group1 */,
				64F25CDD238C8217005AECD7 /* AppDelegate.swift */,
				64F25CE1238C8217005AECD7 /* Main.storyboard */,
				64F25CE4238C821B005AECD7 /* Assets.xcassets */,
				64F25CE6238C821B005AECD7 /* LaunchScreen.storyboard */,
				64F25CE9238C821B005AECD7 /* Info.plist */,
			);
			path = testiOS;
			sourceTree = "<group>";
		};
		64F25CF1238C821B005AECD7 /* testiOSTests */ = {
			isa = PBXGroup;
			children = (
				64F25CF2238C821B005AECD7 /* testiOSTests.swift */,
				64F25CF4238C821B005AECD7 /* Info.plist */,
			);
			path = testiOSTests;
			sourceTree = "<group>";
		};
		64F25CFC238C821B005AECD7 /* testiOSUITests */ = {
			isa = PBXGroup;
			children = (
				64F25CFD238C821B005AECD7 /* testiOSUITests.swift */,
				64F25CFF238C821B005AECD7 /* Info.plist */,
			);
			path = testiOSUITests;
			sourceTree = "<group>";
		};
		6508F6C985D78DDC287FD25D /* Frameworks */ = {
			isa = PBXGroup;
			children = (
				E44BC845F7AEF6906C210071 /* Pods_testiOS.framework */,
				6A531C9C9EAD7D5C0D9D0428 /* Pods_testiOSTests.framework */,
				6F023D614FC5535C0BC9D458 /* Pods_testiOSUITests.framework */,
			);
			name = Frameworks;
			sourceTree = "<group>";
		};
		68065C9FB025C2C17AB95ACB /* Pods */ = {
			isa = PBXGroup;
			children = (
				A640C582A6A7C99B8E16167C /* Pods-testiOS.debug.xcconfig */,
				FD17B7FF6A2EC24D6430EECC /* Pods-testiOS.release.xcconfig */,
			);
			name = Pods;
			sourceTree = "<group>";
		};
/* End PBXGroup section */

/* Begin PBXNativeTarget section */
		64F25CD9238C8217005AECD7 /* testiOS */ = {
			isa = PBXNativeTarget;
			buildConfigurationList = 64F25D02238C821B005AECD7 /* Build configuration list for PBXNativeTarget "testiOS" */;
			buildPhases = (
				1F2E938C573CDA0A7D1B2A51 /* [CP] Check Pods Manifest.lock */,
				64F25CD6238C8217005AECD7 /* Sources */,
				64F25CD7238C8217005AECD7 /* Frameworks */,
				64F25CD8238C8217005AECD7 /* Resources */,
				47AD6B82CECFCD2E4D457479 /* [CP] Embed Pods Frameworks */,
			);
			buildRules = (
			);
			dependencies = (
			);
			name = testiOS;
			productName = testiOS;
			productReference = 64F25CDA238C8217005AECD7 /* testiOS.app */;
			productType = "com.apple.product-type.application";
		};
		64F25CED238C821B005AECD7 /* testiOSTests */ = {
			isa = PBXNativeTarget;
			buildConfigurationList = 64F25D05238C821B005AECD7 /* Build configuration list for PBXNativeTarget "testiOSTests" */;
			buildPhases = (
				64F25CEA238C821B005AECD7 /* Sources */,
				64F25CEB238C821B005AECD7 /* Frameworks */,
				64F25CEC238C821B005AECD7 /* Resources */,
			);
			buildRules = (
			);
			dependencies = (
				64F25CF0238C821B005AECD7 /* PBXTargetDependency */,
			);
			name = testiOSTests;
			productName = testiOSTests;
			productReference = 64F25CEE238C821B005AECD7 /* testiOSTests.xctest */;
			productType = "com.apple.product-type.bundle.unit-test";
		};
		64F25CF8238C821B005AECD7 /* testiOSUITests */ = {
			isa = PBXNativeTarget;
			buildConfigurationList = 64F25D08238C821B005AECD7 /* Build configuration list for PBXNativeTarget "testiOSUITests" */;
			buildPhases = (
				64F25CF5238C821B005AECD7 /* Sources */,
				64F25CF6238C821B005AECD7 /* Frameworks */,
				64F25CF7238C821B005AECD7 /* Resources */,
			);
			buildRules = (
			);
			dependencies = (
				64F25CFB238C821B005AECD7 /* PBXTargetDependency */,
			);
			name = testiOSUITests;
			productName = testiOSUITests;
			productReference = 64F25CF9238C821B005AECD7 /* testiOSUITests.xctest */;
			productType = "com.apple.product-type.bundle.ui-testing";
		};
/* End PBXNativeTarget section */

/* Begin PBXProject section */
		64F25CD2238C8217005AECD7 /* Project object */ = {
			isa = PBXProject;
			attributes = {
				LastSwiftUpdateCheck = 1030;
				LastUpgradeCheck = 1030;
				ORGANIZATIONNAME = "Jose Pablo Perez Estrada";
				TargetAttributes = {
					64F25CD9238C8217005AECD7 = {
						CreatedOnToolsVersion = 10.3;
					};
					64F25CED238C821B005AECD7 = {
						CreatedOnToolsVersion = 10.3;
						TestTargetID = 64F25CD9238C8217005AECD7;
					};
					64F25CF8238C821B005AECD7 = {
						CreatedOnToolsVersion = 10.3;
						TestTargetID = 64F25CD9238C8217005AECD7;
					};
				};
			};
			buildConfigurationList = 64F25CD5238C8217005AECD7 /* Build configuration list for PBXProject "testiOS" */;
			compatibilityVersion = "Xcode 9.3";
			developmentRegion = en;
			hasScannedForEncodings = 0;
			knownRegions = (
				en,
				Base,
			);
			mainGroup = 64F25CD1238C8217005AECD7;
			productRefGroup = 64F25CDB238C8217005AECD7 /* Products */;
			projectDirPath = "";
			projectRoot = "";
			targets = (
				64F25CD9238C8217005AECD7 /* testiOS */,
				64F25CED238C821B005AECD7 /* testiOSTests */,
				64F25CF8238C821B005AECD7 /* testiOSUITests */,
			);
		};
/* End PBXProject section */

/* Begin PBXResourcesBuildPhase section */
		64F25CD8238C8217005AECD7 /* Resources */ = {
			isa = PBXResourcesBuildPhase;
			buildActionMask = 2147483647;
			files = (
				64F25CE8238C821B005AECD7 /* LaunchScreen.storyboard in Resources */,
				64F25CE5238C821B005AECD7 /* Assets.xcassets in Resources */,
				64F25D0C238C8252005AECD7 /* Podfile in Resources */,
				64F25CE3238C8217005AECD7 /* Main.storyboard in Resources */,
			);
			runOnlyForDeploymentPostprocessing = 0;
		};
		64F25CEC238C821B005AECD7 /* Resources */ = {
			isa = PBXResourcesBuildPhase;
			buildActionMask = 2147483647;
			files = (
			);
			runOnlyForDeploymentPostprocessing = 0;
		};
		64F25CF7238C821B005AECD7 /* Resources */ = {
			isa = PBXResourcesBuildPhase;
			buildActionMask = 2147483647;
			files = (
			);
			runOnlyForDeploymentPostprocessing = 0;
		};
/* End PBXResourcesBuildPhase section */

/* Begin PBXShellScriptBuildPhase section */
		1F2E938C573CDA0A7D1B2A51 /* [CP] Check Pods Manifest.lock */ = {
			isa = PBXShellScriptBuildPhase;
			buildActionMask = 2147483647;
			files = (
			);
			inputPaths = (
				"${PODS_PODFILE_DIR_PATH}/Podfile.lock",
				"${PODS_ROOT}/Manifest.lock",
			);
			name = "[CP] Check Pods Manifest.lock";
			outputPaths = (
				"$(DERIVED_FILE_DIR)/Pods-testiOS-checkManifestLockResult.txt",
			);
			runOnlyForDeploymentPostprocessing = 0;
			shellPath = /bin/sh;
			shellScript = "diff \"${PODS_PODFILE_DIR_PATH}/Podfile.lock\" \"${PODS_ROOT}/Manifest.lock\" > /dev/null\nif [ $? != 0 ] ; then\n    # print error to STDERR\n    echo \"error: The sandbox is not in sync with the Podfile.lock. Run 'pod install' or update your CocoaPods installation.\" >&2\n    exit 1\nfi\n# This output is used by Xcode 'outputs' to avoid re-running this script phase.\necho \"SUCCESS\" > \"${SCRIPT_OUTPUT_FILE_0}\"\n";
			showEnvVarsInLog = 0;
		};
		47AD6B82CECFCD2E4D457479 /* [CP] Embed Pods Frameworks */ = {
			isa = PBXShellScriptBuildPhase;
			buildActionMask = 2147483647;
			files = (
			);
			inputPaths = (
				"${SRCROOT}/Pods/Target Support Files/Pods-testiOS/Pods-testiOS-frameworks.sh",
				"${BUILT_PRODUCTS_DIR}/Alamofire/Alamofire.framework",
				"${BUILT_PRODUCTS_DIR}/EVReflection/EVReflection.framework",
				"${BUILT_PRODUCTS_DIR}/FSCalendar/FSCalendar.framework",
				"${BUILT_PRODUCTS_DIR}/Kingfisher/Kingfisher.framework",
				"${BUILT_PRODUCTS_DIR}/YouTubePlayer/YouTubePlayer.framework",
			);
			name = "[CP] Embed Pods Frameworks";
			outputPaths = (
				"${TARGET_BUILD_DIR}/${FRAMEWORKS_FOLDER_PATH}/Alamofire.framework",
				"${TARGET_BUILD_DIR}/${FRAMEWORKS_FOLDER_PATH}/EVReflection.framework",
				"${TARGET_BUILD_DIR}/${FRAMEWORKS_FOLDER_PATH}/FSCalendar.framework",
				"${TARGET_BUILD_DIR}/${FRAMEWORKS_FOLDER_PATH}/Kingfisher.framework",
				"${TARGET_BUILD_DIR}/${FRAMEWORKS_FOLDER_PATH}/YouTubePlayer.framework",
			);
			runOnlyForDeploymentPostprocessing = 0;
			shellPath = /bin/sh;
			shellScript = "\"${SRCROOT}/Pods/Target Support Files/Pods-testiOS/Pods-testiOS-frameworks.sh\"\n";
			showEnvVarsInLog = 0;
		};
/* End PBXShellScriptBuildPhase section */

/* Begin PBXSourcesBuildPhase section */
		64F25CD6238C8217005AECD7 /* Sources */ = {
			isa = PBXSourcesBuildPhase;
			buildActionMask = 2147483647;
			files = (
				643FDD73238C8658002A8BEB /* PostsTableViewCell.swift in Sources */,
				643FDD76238C8884002A8BEB /* Data.swift in Sources */,
				64F25CE0238C8217005AECD7 /* ViewController.swift in Sources */,
				64F25CDE238C8217005AECD7 /* AppDelegate.swift in Sources */,
			);
			runOnlyForDeploymentPostprocessing = 0;
		};
		64F25CEA238C821B005AECD7 /* Sources */ = {
			isa = PBXSourcesBuildPhase;
			buildActionMask = 2147483647;
			files = (
				64F25CF3238C821B005AECD7 /* testiOSTests.swift in Sources */,
			);
			runOnlyForDeploymentPostprocessing = 0;
		};
		64F25CF5238C821B005AECD7 /* Sources */ = {
			isa = PBXSourcesBuildPhase;
			buildActionMask = 2147483647;
			files = (
				64F25CFE238C821B005AECD7 /* testiOSUITests.swift in Sources */,
			);
			runOnlyForDeploymentPostprocessing = 0;
		};
/* End PBXSourcesBuildPhase section */

/* Begin PBXTargetDependency section */
		64F25CF0238C821B005AECD7 /* PBXTargetDependency */ = {
			isa = PBXTargetDependency;
			target = 64F25CD9238C8217005AECD7 /* testiOS */;
			targetProxy = 64F25CEF238C821B005AECD7 /* PBXContainerItemProxy */;
		};
		64F25CFB238C821B005AECD7 /* PBXTargetDependency */ = {
			isa = PBXTargetDependency;
			target = 64F25CD9238C8217005AECD7 /* testiOS */;
			targetProxy = 64F25CFA238C821B005AECD7 /* PBXContainerItemProxy */;
		};
/* End PBXTargetDependency section */

/* Begin PBXVariantGroup section */
		64F25CE1238C8217005AECD7 /* Main.storyboard */ = {
			isa = PBXVariantGroup;
			children = (
				64F25CE2238C8217005AECD7 /* Base */,
			);
			name = Main.storyboard;
			sourceTree = "<group>";
		};
		64F25CE6238C821B005AECD7 /* LaunchScreen.storyboard */ = {
			isa = PBXVariantGroup;
			children = (
				64F25CE7238C821B005AECD7 /* Base */,
			);
			name = LaunchScreen.storyboard;
			sourceTree = "<group>";
		};
/* End PBXVariantGroup section */

/* Begin XCBuildConfiguration section */
		64F25D00238C821B005AECD7 /* Debug */ = {
			isa = XCBuildConfiguration;
			buildSettings = {
				ALWAYS_SEARCH_USER_PATHS = NO;
				CLANG_ANALYZER_NONNULL = YES;
				CLANG_ANALYZER_NUMBER_OBJECT_CONVERSION = YES_AGGRESSIVE;
				CLANG_CXX_LANGUAGE_STANDARD = "gnu++14";
				CLANG_CXX_LIBRARY = "libc++";
				CLANG_ENABLE_MODULES = YES;
				CLANG_ENABLE_OBJC_ARC = YES;
				CLANG_ENABLE_OBJC_WEAK = YES;
				CLANG_WARN_BLOCK_CAPTURE_AUTORELEASING = YES;
				CLANG_WARN_BOOL_CONVERSION = YES;
				CLANG_WARN_COMMA = YES;
				CLANG_WARN_CONSTANT_CONVERSION = YES;
				CLANG_WARN_DEPRECATED_OBJC_IMPLEMENTATIONS = YES;
				CLANG_WARN_DIRECT_OBJC_ISA_USAGE = YES_ERROR;
				CLANG_WARN_DOCUMENTATION_COMMENTS = YES;
				CLANG_WARN_EMPTY_BODY = YES;
				CLANG_WARN_ENUM_CONVERSION = YES;
				CLANG_WARN_INFINITE_RECURSION = YES;
				CLANG_WARN_INT_CONVERSION = YES;
				CLANG_WARN_NON_LITERAL_NULL_CONVERSION = YES;
				CLANG_WARN_OBJC_IMPLICIT_RETAIN_SELF = YES;
				CLANG_WARN_OBJC_LITERAL_CONVERSION = YES;
				CLANG_WARN_OBJC_ROOT_CLASS = YES_ERROR;
				CLANG_WARN_RANGE_LOOP_ANALYSIS = YES;
				CLANG_WARN_STRICT_PROTOTYPES = YES;
				CLANG_WARN_SUSPICIOUS_MOVE = YES;
				CLANG_WARN_UNGUARDED_AVAILABILITY = YES_AGGRESSIVE;
				CLANG_WARN_UNREACHABLE_CODE = YES;
				CLANG_WARN__DUPLICATE_METHOD_MATCH = YES;
				CODE_SIGN_IDENTITY = "iPhone Developer";
				COPY_PHASE_STRIP = NO;
				DEBUG_INFORMATION_FORMAT = dwarf;
				ENABLE_STRICT_OBJC_MSGSEND = YES;
				ENABLE_TESTABILITY = YES;
				GCC_C_LANGUAGE_STANDARD = gnu11;
				GCC_DYNAMIC_NO_PIC = NO;
				GCC_NO_COMMON_BLOCKS = YES;
				GCC_OPTIMIZATION_LEVEL = 0;
				GCC_PREPROCESSOR_DEFINITIONS = (
					"DEBUG=1",
					"$(inherited)",
				);
				GCC_WARN_64_TO_32_BIT_CONVERSION = YES;
				GCC_WARN_ABOUT_RETURN_TYPE = YES_ERROR;
				GCC_WARN_UNDECLARED_SELECTOR = YES;
				GCC_WARN_UNINITIALIZED_AUTOS = YES_AGGRESSIVE;
				GCC_WARN_UNUSED_FUNCTION = YES;
				GCC_WARN_UNUSED_VARIABLE = YES;
				IPHONEOS_DEPLOYMENT_TARGET = 12.4;
				MTL_ENABLE_DEBUG_INFO = INCLUDE_SOURCE;
				MTL_FAST_MATH = YES;
				ONLY_ACTIVE_ARCH = YES;
				SDKROOT = iphoneos;
				SWIFT_ACTIVE_COMPILATION_CONDITIONS = DEBUG;
				SWIFT_OPTIMIZATION_LEVEL = "-Onone";
			};
			name = Debug;
		};
		64F25D01238C821B005AECD7 /* Release */ = {
			isa = XCBuildConfiguration;
			buildSettings = {
				ALWAYS_SEARCH_USER_PATHS = NO;
				CLANG_ANALYZER_NONNULL = YES;
				CLANG_ANALYZER_NUMBER_OBJECT_CONVERSION = YES_AGGRESSIVE;
				CLANG_CXX_LANGUAGE_STANDARD = "gnu++14";
				CLANG_CXX_LIBRARY = "libc++";
				CLANG_ENABLE_MODULES = YES;
				CLANG_ENABLE_OBJC_ARC = YES;
				CLANG_ENABLE_OBJC_WEAK = YES;
				CLANG_WARN_BLOCK_CAPTURE_AUTORELEASING = YES;
				CLANG_WARN_BOOL_CONVERSION = YES;
				CLANG_WARN_COMMA = YES;
				CLANG_WARN_CONSTANT_CONVERSION = YES;
				CLANG_WARN_DEPRECATED_OBJC_IMPLEMENTATIONS = YES;
				CLANG_WARN_DIRECT_OBJC_ISA_USAGE = YES_ERROR;
				CLANG_WARN_DOCUMENTATION_COMMENTS = YES;
				CLANG_WARN_EMPTY_BODY = YES;
				CLANG_WARN_ENUM_CONVERSION = YES;
				CLANG_WARN_INFINITE_RECURSION = YES;
				CLANG_WARN_INT_CONVERSION = YES;
				CLANG_WARN_NON_LITERAL_NULL_CONVERSION = YES;
				CLANG_WARN_OBJC_IMPLICIT_RETAIN_SELF = YES;
				CLANG_WARN_OBJC_LITERAL_CONVERSION = YES;
				CLANG_WARN_OBJC_ROOT_CLASS = YES_ERROR;
				CLANG_WARN_RANGE_LOOP_ANALYSIS = YES;
				CLANG_WARN_STRICT_PROTOTYPES = YES;
				CLANG_WARN_SUSPICIOUS_MOVE = YES;
				CLANG_WARN_UNGUARDED_AVAILABILITY = YES_AGGRESSIVE;
				CLANG_WARN_UNREACHABLE_CODE = YES;
				CLANG_WARN__DUPLICATE_METHOD_MATCH = YES;
				CODE_SIGN_IDENTITY = "iPhone Developer";
				COPY_PHASE_STRIP = NO;
				DEBUG_INFORMATION_FORMAT = "dwarf-with-dsym";
				ENABLE_NS_ASSERTIONS = NO;
				ENABLE_STRICT_OBJC_MSGSEND = YES;
				GCC_C_LANGUAGE_STANDARD = gnu11;
				GCC_NO_COMMON_BLOCKS = YES;
				GCC_WARN_64_TO_32_BIT_CONVERSION = YES;
				GCC_WARN_ABOUT_RETURN_TYPE = YES_ERROR;
				GCC_WARN_UNDECLARED_SELECTOR = YES;
				GCC_WARN_UNINITIALIZED_AUTOS = YES_AGGRESSIVE;
				GCC_WARN_UNUSED_FUNCTION = YES;
				GCC_WARN_UNUSED_VARIABLE = YES;
				IPHONEOS_DEPLOYMENT_TARGET = 12.4;
				MTL_ENABLE_DEBUG_INFO = NO;
				MTL_FAST_MATH = YES;
				SDKROOT = iphoneos;
				SWIFT_COMPILATION_MODE = wholemodule;
				SWIFT_OPTIMIZATION_LEVEL = "-O";
				VALIDATE_PRODUCT = YES;
			};
			name = Release;
		};
		64F25D03238C821B005AECD7 /* Debug */ = {
			isa = XCBuildConfiguration;
			baseConfigurationReference = A640C582A6A7C99B8E16167C /* Pods-testiOS.debug.xcconfig */;
			buildSettings = {
				ASSETCATALOG_COMPILER_APPICON_NAME = AppIcon;
				CODE_SIGN_STYLE = Automatic;
				DEVELOPMENT_TEAM = 4XPL764Z7Z;
				INFOPLIST_FILE = testiOS/Info.plist;
				IPHONEOS_DEPLOYMENT_TARGET = 10.0;
				LD_RUNPATH_SEARCH_PATHS = (
					"$(inherited)",
					"@executable_path/Frameworks",
				);
				PRODUCT_BUNDLE_IDENTIFIER = pablo.testiOS;
				PRODUCT_NAME = "$(TARGET_NAME)";
				SWIFT_VERSION = 5.0;
				TARGETED_DEVICE_FAMILY = "1,2";
			};
			name = Debug;
		};
		64F25D04238C821B005AECD7 /* Release */ = {
			isa = XCBuildConfiguration;
			baseConfigurationReference = FD17B7FF6A2EC24D6430EECC /* Pods-testiOS.release.xcconfig */;
			buildSettings = {
				ASSETCATALOG_COMPILER_APPICON_NAME = AppIcon;
				CODE_SIGN_STYLE = Automatic;
				DEVELOPMENT_TEAM = 4XPL764Z7Z;
				INFOPLIST_FILE = testiOS/Info.plist;
				IPHONEOS_DEPLOYMENT_TARGET = 10.0;
				LD_RUNPATH_SEARCH_PATHS = (
					"$(inherited)",
					"@executable_path/Frameworks",
				);
				PRODUCT_BUNDLE_IDENTIFIER = pablo.testiOS;
				PRODUCT_NAME = "$(TARGET_NAME)";
				SWIFT_VERSION = 5.0;
				TARGETED_DEVICE_FAMILY = "1,2";
			};
			name = Release;
		};
		64F25D06238C821B005AECD7 /* Debug */ = {
			isa = XCBuildConfiguration;
			buildSettings = {
				ALWAYS_EMBED_SWIFT_STANDARD_LIBRARIES = YES;
				BUNDLE_LOADER = "$(TEST_HOST)";
				CODE_SIGN_STYLE = Automatic;
				DEVELOPMENT_TEAM = 4XPL764Z7Z;
				INFOPLIST_FILE = testiOSTests/Info.plist;
				LD_RUNPATH_SEARCH_PATHS = (
					"$(inherited)",
					"@executable_path/Frameworks",
					"@loader_path/Frameworks",
				);
				PRODUCT_BUNDLE_IDENTIFIER = pablo.testiOSTests;
				PRODUCT_NAME = "$(TARGET_NAME)";
				SWIFT_VERSION = 5.0;
				TARGETED_DEVICE_FAMILY = "1,2";
				TEST_HOST = "$(BUILT_PRODUCTS_DIR)/testiOS.app/testiOS";
			};
			name = Debug;
		};
		64F25D07238C821B005AECD7 /* Release */ = {
			isa = XCBuildConfiguration;
			buildSettings = {
				ALWAYS_EMBED_SWIFT_STANDARD_LIBRARIES = YES;
				BUNDLE_LOADER = "$(TEST_HOST)";
				CODE_SIGN_STYLE = Automatic;
				DEVELOPMENT_TEAM = 4XPL764Z7Z;
				INFOPLIST_FILE = testiOSTests/Info.plist;
				LD_RUNPATH_SEARCH_PATHS = (
					"$(inherited)",
					"@executable_path/Frameworks",
					"@loader_path/Frameworks",
				);
				PRODUCT_BUNDLE_IDENTIFIER = pablo.testiOSTests;
				PRODUCT_NAME = "$(TARGET_NAME)";
				SWIFT_VERSION = 5.0;
				TARGETED_DEVICE_FAMILY = "1,2";
				TEST_HOST = "$(BUILT_PRODUCTS_DIR)/testiOS.app/testiOS";
			};
			name = Release;
		};
		64F25D09238C821B005AECD7 /* Debug */ = {
			isa = XCBuildConfiguration;
			buildSettings = {
				ALWAYS_EMBED_SWIFT_STANDARD_LIBRARIES = YES;
				CODE_SIGN_STYLE = Automatic;
				DEVELOPMENT_TEAM = 4XPL764Z7Z;
				INFOPLIST_FILE = testiOSUITests/Info.plist;
				LD_RUNPATH_SEARCH_PATHS = (
					"$(inherited)",
					"@executable_path/Frameworks",
					"@loader_path/Frameworks",
				);
				PRODUCT_BUNDLE_IDENTIFIER = pablo.testiOSUITests;
				PRODUCT_NAME = "$(TARGET_NAME)";
				SWIFT_VERSION = 5.0;
				TARGETED_DEVICE_FAMILY = "1,2";
				TEST_TARGET_NAME = testiOS;
			};
			name = Debug;
		};
		64F25D0A238C821B005AECD7 /* Release */ = {
			isa = XCBuildConfiguration;
			buildSettings = {
				ALWAYS_EMBED_SWIFT_STANDARD_LIBRARIES = YES;
				CODE_SIGN_STYLE = Automatic;
				DEVELOPMENT_TEAM = 4XPL764Z7Z;
				INFOPLIST_FILE = testiOSUITests/Info.plist;
				LD_RUNPATH_SEARCH_PATHS = (
					"$(inherited)",
					"@executable_path/Frameworks",
					"@loader_path/Frameworks",
				);
				PRODUCT_BUNDLE_IDENTIFIER = pablo.testiOSUITests;
				PRODUCT_NAME = "$(TARGET_NAME)";
				SWIFT_VERSION = 5.0;
				TARGETED_DEVICE_FAMILY = "1,2";
				TEST_TARGET_NAME = testiOS;
			};
			name = Release;
		};
/* End XCBuildConfiguration section */

/* Begin XCConfigurationList section */
		64F25CD5238C8217005AECD7 /* Build configuration list for PBXProject "testiOS" */ = {
			isa = XCConfigurationList;
			buildConfigurations = (
				64F25D00238C821B005AECD7 /* Debug */,
				64F25D01238C821B005AECD7 /* Release */,
			);
			defaultConfigurationIsVisible = 0;
			defaultConfigurationName = Release;
		};
		64F25D02238C821B005AECD7 /* Build configuration list for PBXNativeTarget "testiOS" */ = {
			isa = XCConfigurationList;
			buildConfigurations = (
				64F25D03238C821B005AECD7 /* Debug */,
				64F25D04238C821B005AECD7 /* Release */,
			);
			defaultConfigurationIsVisible = 0;
			defaultConfigurationName = Release;
		};
		64F25D05238C821B005AECD7 /* Build configuration list for PBXNativeTarget "testiOSTests" */ = {
			isa = XCConfigurationList;
			buildConfigurations = (
				64F25D06238C821B005AECD7 /* Debug */,
				64F25D07238C821B005AECD7 /* Release */,
			);
			defaultConfigurationIsVisible = 0;
			defaultConfigurationName = Release;
		};
		64F25D08238C821B005AECD7 /* Build configuration list for PBXNativeTarget "testiOSUITests" */ = {
			isa = XCConfigurationList;
			buildConfigurations = (
				64F25D09238C821B005AECD7 /* Debug */,
				64F25D0A238C821B005AECD7 /* Release */,
			);
			defaultConfigurationIsVisible = 0;
			defaultConfigurationName = Release;
		};
/* End XCConfigurationList section */
	};
	rootObject = 64F25CD2238C8217005AECD7 /* Project object */;
}
